
Microsoft Visual Studio Solution File, Format Version 12.00
# Visual Studio 15
VisualStudioVersion = 15.0.27004.2005
MinimumVisualStudioVersion = 10.0.40219.1
Project("{FAE04EC0-301F-11D3-BF4B-00C04F79EFBC}") = "WingtipToys", "WingtipToys\WingtipToys.csproj", "{3F8458A7-02DD-4B8C-B4E0-F6132D51ADDD}"
EndProject
Project("{E53339B2-1760-4266-BCC7-CA923CBCF16C}") = "docker-compose", "docker-compose.dcproj", "{C225BC25-6AF7-4C39-8FB2-8DB9B8EB19D3}"
EndProject
Project("{A07B5EB6-E848-4116-A8D0-A826331D98C6}") = "WingtipToysApplication", "..\WingtipToysApplication\WingtipToysApplication.sfproj", "{67712BC2-77F2-4BDE-ACA1-2FF3AE83369E}"
EndProject
Project("{9A19103F-16F7-4668-BE54-9A1E7A4F7556}") = "ShoppingCart", "ShoppingCart\ShoppingCart.csproj", "{7BCF8015-4635-407B-81F7-B2BA16C9BC1B}"
EndProject
Global
	GlobalSection(SolutionConfigurationPlatforms) = preSolution
		Debug|Any CPU = Debug|Any CPU
		Debug|x64 = Debug|x64
		Release|Any CPU = Release|Any CPU
		Release|x64 = Release|x64
	EndGlobalSection
	GlobalSection(ProjectConfigurationPlatforms) = postSolution
		{3F8458A7-02DD-4B8C-B4E0-F6132D51ADDD}.Debug|Any CPU.ActiveCfg = Debug|Any CPU
		{3F8458A7-02DD-4B8C-B4E0-F6132D51ADDD}.Debug|Any CPU.Build.0 = Debug|Any CPU
		{3F8458A7-02DD-4B8C-B4E0-F6132D51ADDD}.Debug|x64.ActiveCfg = Debug|Any CPU
		{3F8458A7-02DD-4B8C-B4E0-F6132D51ADDD}.Debug|x64.Build.0 = Debug|Any CPU
		{3F8458A7-02DD-4B8C-B4E0-F6132D51ADDD}.Release|Any CPU.ActiveCfg = Release|Any CPU
		{3F8458A7-02DD-4B8C-B4E0-F6132D51ADDD}.Release|Any CPU.Build.0 = Release|Any CPU
		{3F8458A7-02DD-4B8C-B4E0-F6132D51ADDD}.Release|x64.ActiveCfg = Release|Any CPU
		{3F8458A7-02DD-4B8C-B4E0-F6132D51ADDD}.Release|x64.Build.0 = Release|Any CPU
		{C225BC25-6AF7-4C39-8FB2-8DB9B8EB19D3}.Debug|Any CPU.ActiveCfg = Debug|Any CPU
		{C225BC25-6AF7-4C39-8FB2-8DB9B8EB19D3}.Debug|Any CPU.Build.0 = Debug|Any CPU
		{C225BC25-6AF7-4C39-8FB2-8DB9B8EB19D3}.Debug|x64.ActiveCfg = Debug|Any CPU
		{C225BC25-6AF7-4C39-8FB2-8DB9B8EB19D3}.Debug|x64.Build.0 = Debug|Any CPU
		{C225BC25-6AF7-4C39-8FB2-8DB9B8EB19D3}.Release|Any CPU.ActiveCfg = Release|Any CPU
		{C225BC25-6AF7-4C39-8FB2-8DB9B8EB19D3}.Release|Any CPU.Build.0 = Release|Any CPU
		{C225BC25-6AF7-4C39-8FB2-8DB9B8EB19D3}.Release|x64.ActiveCfg = Release|Any CPU
		{C225BC25-6AF7-4C39-8FB2-8DB9B8EB19D3}.Release|x64.Build.0 = Release|Any CPU
		{67712BC2-77F2-4BDE-ACA1-2FF3AE83369E}.Debug|Any CPU.ActiveCfg = Debug|x64
		{67712BC2-77F2-4BDE-ACA1-2FF3AE83369E}.Debug|x64.ActiveCfg = Debug|x64
		{67712BC2-77F2-4BDE-ACA1-2FF3AE83369E}.Debug|x64.Build.0 = Debug|x64
		{67712BC2-77F2-4BDE-ACA1-2FF3AE83369E}.Debug|x64.Deploy.0 = Debug|x64
		{67712BC2-77F2-4BDE-ACA1-2FF3AE83369E}.Release|Any CPU.ActiveCfg = Release|x64
		{67712BC2-77F2-4BDE-ACA1-2FF3AE83369E}.Release|x64.ActiveCfg = Release|x64
		{67712BC2-77F2-4BDE-ACA1-2FF3AE83369E}.Release|x64.Build.0 = Release|x64
		{67712BC2-77F2-4BDE-ACA1-2FF3AE83369E}.Release|x64.Deploy.0 = Release|x64
		{7BCF8015-4635-407B-81F7-B2BA16C9BC1B}.Debug|Any CPU.ActiveCfg = Debug|Any CPU
		{7BCF8015-4635-407B-81F7-B2BA16C9BC1B}.Debug|Any CPU.Build.0 = Debug|Any CPU
		{7BCF8015-4635-407B-81F7-B2BA16C9BC1B}.Debug|x64.ActiveCfg = Debug|Any CPU
		{7BCF8015-4635-407B-81F7-B2BA16C9BC1B}.Debug|x64.Build.0 = Debug|Any CPU
		{7BCF8015-4635-407B-81F7-B2BA16C9BC1B}.Release|Any CPU.ActiveCfg = Release|Any CPU
		{7BCF8015-4635-407B-81F7-B2BA16C9BC1B}.Release|Any CPU.Build.0 = Release|Any CPU
		{7BCF8015-4635-407B-81F7-B2BA16C9BC1B}.Release|x64.ActiveCfg = Release|Any CPU
		{7BCF8015-4635-407B-81F7-B2BA16C9BC1B}.Release|x64.Build.0 = Release|Any CPU
	EndGlobalSection
	GlobalSection(SolutionProperties) = preSolution
		HideSolutionNode = FALSE
	EndGlobalSection
	GlobalSection(ExtensibilityGlobals) = postSolution
		SolutionGuid = {27C51F55-C5BE-4130-9562-6400EB6EADAF}
	EndGlobalSection
EndGlobal
